
Microsoft Visual Studio Solution File, Format Version 12.00
# Visual Studio 2013
VisualStudioVersion = 12.0.31101.0
MinimumVisualStudioVersion = 10.0.40219.1
Project("{FAE04EC0-301F-11D3-BF4B-00C04F79EFBC}") = "TableLoader3", "TableLoader\TableLoader3.csproj", "{35CC5DAB-C753-48DD-85DE-66015091BED1}"
	ProjectSection(ProjectDependencies) = postProject
		{02DC51C7-533B-454D-B98F-9A89363F7BD3} = {02DC51C7-533B-454D-B98F-9A89363F7BD3}
	EndProjectSection
EndProject
Project("{FAE04EC0-301F-11D3-BF4B-00C04F79EFBC}") = "TableLoader3FW", "TableLoader3FW\TableLoader3FW.csproj", "{02DC51C7-533B-454D-B98F-9A89363F7BD3}"
EndProject
Project("{930C7802-8A8C-48F9-8165-68863BCCD9DD}") = "TableLoader3_Installer", "TableLoader3_Installer\TableLoader3_Installer.wixproj", "{D24CD52D-7A89-4808-A133-7279945477B6}"
EndProject
Global
	GlobalSection(TeamFoundationVersionControl) = preSolution
		SccNumberOfProjects = 4
		SccEnterpriseProvider = {4CA58AB2-18FA-4F8D-95D4-32DDF27D184C}
		SccTeamFoundationServer = http://svc-tfsbi:8080/tfs/bicollection
		SccLocalPath0 = .
		SccProjectUniqueName1 = TableLoader\\TableLoader3.csproj
		SccProjectName1 = TableLoader
		SccLocalPath1 = TableLoader
		SccProjectUniqueName2 = TableLoader3FW\\TableLoader3FW.csproj
		SccProjectName2 = TableLoader3FW
		SccLocalPath2 = TableLoader3FW
		SccProjectUniqueName3 = TableLoader3_Installer\\TableLoader3_Installer.wixproj
		SccProjectName3 = TableLoader3_Installer
		SccLocalPath3 = TableLoader3_Installer
	EndGlobalSection
	GlobalSection(SolutionConfigurationPlatforms) = preSolution
		2008Debug|Any CPU = 2008Debug|Any CPU
		2008Debug|Mixed Platforms = 2008Debug|Mixed Platforms
		2008Debug|x86 = 2008Debug|x86
		2012Debug|Any CPU = 2012Debug|Any CPU
		2012Debug|Mixed Platforms = 2012Debug|Mixed Platforms
		2012Debug|x86 = 2012Debug|x86
		2014Debug|Any CPU = 2014Debug|Any CPU
		2014Debug|Mixed Platforms = 2014Debug|Mixed Platforms
		2014Debug|x86 = 2014Debug|x86
		Debug|Any CPU = Debug|Any CPU
		Debug|Mixed Platforms = Debug|Mixed Platforms
		Debug|x86 = Debug|x86
		Release|Any CPU = Release|Any CPU
		Release|Mixed Platforms = Release|Mixed Platforms
		Release|x86 = Release|x86
		Sql2008|Any CPU = Sql2008|Any CPU
		Sql2008|Mixed Platforms = Sql2008|Mixed Platforms
		Sql2008|x86 = Sql2008|x86
		Sql2012|Any CPU = Sql2012|Any CPU
		Sql2012|Mixed Platforms = Sql2012|Mixed Platforms
		Sql2012|x86 = Sql2012|x86
		Sql2014|Any CPU = Sql2014|Any CPU
		Sql2014|Mixed Platforms = Sql2014|Mixed Platforms
		Sql2014|x86 = Sql2014|x86
	EndGlobalSection
	GlobalSection(ProjectConfigurationPlatforms) = postSolution
		{35CC5DAB-C753-48DD-85DE-66015091BED1}.2008Debug|Any CPU.ActiveCfg = 2008Debug|Any CPU
		{35CC5DAB-C753-48DD-85DE-66015091BED1}.2008Debug|Any CPU.Build.0 = 2008Debug|Any CPU
		{35CC5DAB-C753-48DD-85DE-66015091BED1}.2008Debug|Mixed Platforms.ActiveCfg = 2008Debug|Any CPU
		{35CC5DAB-C753-48DD-85DE-66015091BED1}.2008Debug|Mixed Platforms.Build.0 = 2008Debug|Any CPU
		{35CC5DAB-C753-48DD-85DE-66015091BED1}.2008Debug|x86.ActiveCfg = 2008Debug|Any CPU
		{35CC5DAB-C753-48DD-85DE-66015091BED1}.2012Debug|Any CPU.ActiveCfg = 2012Debug|Any CPU
		{35CC5DAB-C753-48DD-85DE-66015091BED1}.2012Debug|Any CPU.Build.0 = 2012Debug|Any CPU
		{35CC5DAB-C753-48DD-85DE-66015091BED1}.2012Debug|Mixed Platforms.ActiveCfg = 2012Debug|Any CPU
		{35CC5DAB-C753-48DD-85DE-66015091BED1}.2012Debug|Mixed Platforms.Build.0 = 2012Debug|Any CPU
		{35CC5DAB-C753-48DD-85DE-66015091BED1}.2012Debug|x86.ActiveCfg = 2012Debug|Any CPU
		{35CC5DAB-C753-48DD-85DE-66015091BED1}.2014Debug|Any CPU.ActiveCfg = 2014Debug|Any CPU
		{35CC5DAB-C753-48DD-85DE-66015091BED1}.2014Debug|Any CPU.Build.0 = 2014Debug|Any CPU
		{35CC5DAB-C753-48DD-85DE-66015091BED1}.2014Debug|Mixed Platforms.ActiveCfg = 2014Debug|Any CPU
		{35CC5DAB-C753-48DD-85DE-66015091BED1}.2014Debug|Mixed Platforms.Build.0 = 2014Debug|Any CPU
		{35CC5DAB-C753-48DD-85DE-66015091BED1}.2014Debug|x86.ActiveCfg = 2014Debug|Any CPU
		{35CC5DAB-C753-48DD-85DE-66015091BED1}.Debug|Any CPU.ActiveCfg = Sql2014|Any CPU
		{35CC5DAB-C753-48DD-85DE-66015091BED1}.Debug|Any CPU.Build.0 = Sql2014|Any CPU
		{35CC5DAB-C753-48DD-85DE-66015091BED1}.Debug|Mixed Platforms.ActiveCfg = Sql2014|Any CPU
		{35CC5DAB-C753-48DD-85DE-66015091BED1}.Debug|Mixed Platforms.Build.0 = Sql2014|Any CPU
		{35CC5DAB-C753-48DD-85DE-66015091BED1}.Debug|x86.ActiveCfg = Sql2012|Any CPU
		{35CC5DAB-C753-48DD-85DE-66015091BED1}.Release|Any CPU.ActiveCfg = Sql2014|Any CPU
		{35CC5DAB-C753-48DD-85DE-66015091BED1}.Release|Any CPU.Build.0 = Sql2014|Any CPU
		{35CC5DAB-C753-48DD-85DE-66015091BED1}.Release|Mixed Platforms.ActiveCfg = Sql2014|Any CPU
		{35CC5DAB-C753-48DD-85DE-66015091BED1}.Release|Mixed Platforms.Build.0 = Sql2014|Any CPU
		{35CC5DAB-C753-48DD-85DE-66015091BED1}.Release|x86.ActiveCfg = Sql2012|Any CPU
		{35CC5DAB-C753-48DD-85DE-66015091BED1}.Sql2008|Any CPU.ActiveCfg = Sql2008|Any CPU
		{35CC5DAB-C753-48DD-85DE-66015091BED1}.Sql2008|Any CPU.Build.0 = Sql2008|Any CPU
		{35CC5DAB-C753-48DD-85DE-66015091BED1}.Sql2008|Mixed Platforms.ActiveCfg = Sql2014|Any CPU
		{35CC5DAB-C753-48DD-85DE-66015091BED1}.Sql2008|Mixed Platforms.Build.0 = Sql2014|Any CPU
		{35CC5DAB-C753-48DD-85DE-66015091BED1}.Sql2008|x86.ActiveCfg = Sql2008|Any CPU
		{35CC5DAB-C753-48DD-85DE-66015091BED1}.Sql2012|Any CPU.ActiveCfg = Sql2012|Any CPU
		{35CC5DAB-C753-48DD-85DE-66015091BED1}.Sql2012|Any CPU.Build.0 = Sql2012|Any CPU
		{35CC5DAB-C753-48DD-85DE-66015091BED1}.Sql2012|Mixed Platforms.ActiveCfg = Sql2014|Any CPU
		{35CC5DAB-C753-48DD-85DE-66015091BED1}.Sql2012|Mixed Platforms.Build.0 = Sql2014|Any CPU
		{35CC5DAB-C753-48DD-85DE-66015091BED1}.Sql2012|x86.ActiveCfg = Sql2012|Any CPU
		{35CC5DAB-C753-48DD-85DE-66015091BED1}.Sql2014|Any CPU.ActiveCfg = Sql2014|Any CPU
		{35CC5DAB-C753-48DD-85DE-66015091BED1}.Sql2014|Any CPU.Build.0 = Sql2014|Any CPU
		{35CC5DAB-C753-48DD-85DE-66015091BED1}.Sql2014|Mixed Platforms.ActiveCfg = Sql2014|Any CPU
		{35CC5DAB-C753-48DD-85DE-66015091BED1}.Sql2014|Mixed Platforms.Build.0 = Sql2014|Any CPU
		{35CC5DAB-C753-48DD-85DE-66015091BED1}.Sql2014|x86.ActiveCfg = Sql2014|Any CPU
		{02DC51C7-533B-454D-B98F-9A89363F7BD3}.2008Debug|Any CPU.ActiveCfg = 2008Debug|Any CPU
		{02DC51C7-533B-454D-B98F-9A89363F7BD3}.2008Debug|Any CPU.Build.0 = 2008Debug|Any CPU
		{02DC51C7-533B-454D-B98F-9A89363F7BD3}.2008Debug|Mixed Platforms.ActiveCfg = 2008Debug|Any CPU
		{02DC51C7-533B-454D-B98F-9A89363F7BD3}.2008Debug|Mixed Platforms.Build.0 = 2008Debug|Any CPU
		{02DC51C7-533B-454D-B98F-9A89363F7BD3}.2008Debug|x86.ActiveCfg = 2008Debug|Any CPU
		{02DC51C7-533B-454D-B98F-9A89363F7BD3}.2012Debug|Any CPU.ActiveCfg = 2012Debug|Any CPU
		{02DC51C7-533B-454D-B98F-9A89363F7BD3}.2012Debug|Any CPU.Build.0 = 2012Debug|Any CPU
		{02DC51C7-533B-454D-B98F-9A89363F7BD3}.2012Debug|Mixed Platforms.ActiveCfg = 2012Debug|Any CPU
		{02DC51C7-533B-454D-B98F-9A89363F7BD3}.2012Debug|Mixed Platforms.Build.0 = 2012Debug|Any CPU
		{02DC51C7-533B-454D-B98F-9A89363F7BD3}.2012Debug|x86.ActiveCfg = 2012Debug|Any CPU
		{02DC51C7-533B-454D-B98F-9A89363F7BD3}.2014Debug|Any CPU.ActiveCfg = 2014Debug|Any CPU
		{02DC51C7-533B-454D-B98F-9A89363F7BD3}.2014Debug|Any CPU.Build.0 = 2014Debug|Any CPU
		{02DC51C7-533B-454D-B98F-9A89363F7BD3}.2014Debug|Mixed Platforms.ActiveCfg = 2014Debug|Any CPU
		{02DC51C7-533B-454D-B98F-9A89363F7BD3}.2014Debug|Mixed Platforms.Build.0 = 2014Debug|Any CPU
		{02DC51C7-533B-454D-B98F-9A89363F7BD3}.2014Debug|x86.ActiveCfg = 2014Debug|Any CPU
		{02DC51C7-533B-454D-B98F-9A89363F7BD3}.Debug|Any CPU.ActiveCfg = Debug|Any CPU
		{02DC51C7-533B-454D-B98F-9A89363F7BD3}.Debug|Any CPU.Build.0 = Debug|Any CPU
		{02DC51C7-533B-454D-B98F-9A89363F7BD3}.Debug|Mixed Platforms.ActiveCfg = Release|Any CPU
		{02DC51C7-533B-454D-B98F-9A89363F7BD3}.Debug|Mixed Platforms.Build.0 = Release|Any CPU
		{02DC51C7-533B-454D-B98F-9A89363F7BD3}.Debug|x86.ActiveCfg = Debug|Any CPU
		{02DC51C7-533B-454D-B98F-9A89363F7BD3}.Release|Any CPU.ActiveCfg = Release|Any CPU
		{02DC51C7-533B-454D-B98F-9A89363F7BD3}.Release|Any CPU.Build.0 = Release|Any CPU
		{02DC51C7-533B-454D-B98F-9A89363F7BD3}.Release|Mixed Platforms.ActiveCfg = Release|Any CPU
		{02DC51C7-533B-454D-B98F-9A89363F7BD3}.Release|Mixed Platforms.Build.0 = Release|Any CPU
		{02DC51C7-533B-454D-B98F-9A89363F7BD3}.Release|x86.ActiveCfg = Release|Any CPU
		{02DC51C7-533B-454D-B98F-9A89363F7BD3}.Sql2008|Any CPU.ActiveCfg = Release|Any CPU
		{02DC51C7-533B-454D-B98F-9A89363F7BD3}.Sql2008|Any CPU.Build.0 = Release|Any CPU
		{02DC51C7-533B-454D-B98F-9A89363F7BD3}.Sql2008|Mixed Platforms.ActiveCfg = Release|Any CPU
		{02DC51C7-533B-454D-B98F-9A89363F7BD3}.Sql2008|Mixed Platforms.Build.0 = Release|Any CPU
		{02DC51C7-533B-454D-B98F-9A89363F7BD3}.Sql2008|x86.ActiveCfg = Release|Any CPU
		{02DC51C7-533B-454D-B98F-9A89363F7BD3}.Sql2012|Any CPU.ActiveCfg = Release|Any CPU
		{02DC51C7-533B-454D-B98F-9A89363F7BD3}.Sql2012|Any CPU.Build.0 = Release|Any CPU
		{02DC51C7-533B-454D-B98F-9A89363F7BD3}.Sql2012|Mixed Platforms.ActiveCfg = Release|Any CPU
		{02DC51C7-533B-454D-B98F-9A89363F7BD3}.Sql2012|Mixed Platforms.Build.0 = Release|Any CPU
		{02DC51C7-533B-454D-B98F-9A89363F7BD3}.Sql2012|x86.ActiveCfg = Release|Any CPU
		{02DC51C7-533B-454D-B98F-9A89363F7BD3}.Sql2014|Any CPU.ActiveCfg = Release|Any CPU
		{02DC51C7-533B-454D-B98F-9A89363F7BD3}.Sql2014|Any CPU.Build.0 = Release|Any CPU
		{02DC51C7-533B-454D-B98F-9A89363F7BD3}.Sql2014|Mixed Platforms.ActiveCfg = Release|Any CPU
		{02DC51C7-533B-454D-B98F-9A89363F7BD3}.Sql2014|Mixed Platforms.Build.0 = Release|Any CPU
		{02DC51C7-533B-454D-B98F-9A89363F7BD3}.Sql2014|x86.ActiveCfg = Release|Any CPU
		{D24CD52D-7A89-4808-A133-7279945477B6}.2008Debug|Any CPU.ActiveCfg = Debug|x86
		{D24CD52D-7A89-4808-A133-7279945477B6}.2008Debug|Mixed Platforms.ActiveCfg = Debug|x86
		{D24CD52D-7A89-4808-A133-7279945477B6}.2008Debug|Mixed Platforms.Build.0 = Debug|x86
		{D24CD52D-7A89-4808-A133-7279945477B6}.2008Debug|x86.ActiveCfg = Debug|x86
		{D24CD52D-7A89-4808-A133-7279945477B6}.2008Debug|x86.Build.0 = Debug|x86
		{D24CD52D-7A89-4808-A133-7279945477B6}.2012Debug|Any CPU.ActiveCfg = Debug|x86
		{D24CD52D-7A89-4808-A133-7279945477B6}.2012Debug|Mixed Platforms.ActiveCfg = Debug|x86
		{D24CD52D-7A89-4808-A133-7279945477B6}.2012Debug|Mixed Platforms.Build.0 = Debug|x86
		{D24CD52D-7A89-4808-A133-7279945477B6}.2012Debug|x86.ActiveCfg = Debug|x86
		{D24CD52D-7A89-4808-A133-7279945477B6}.2012Debug|x86.Build.0 = Debug|x86
		{D24CD52D-7A89-4808-A133-7279945477B6}.2014Debug|Any CPU.ActiveCfg = Debug|x86
		{D24CD52D-7A89-4808-A133-7279945477B6}.2014Debug|Mixed Platforms.ActiveCfg = Debug|x86
		{D24CD52D-7A89-4808-A133-7279945477B6}.2014Debug|Mixed Platforms.Build.0 = Debug|x86
		{D24CD52D-7A89-4808-A133-7279945477B6}.2014Debug|x86.ActiveCfg = Debug|x86
		{D24CD52D-7A89-4808-A133-7279945477B6}.2014Debug|x86.Build.0 = Debug|x86
		{D24CD52D-7A89-4808-A133-7279945477B6}.Debug|Any CPU.ActiveCfg = Debug|x86
		{D24CD52D-7A89-4808-A133-7279945477B6}.Debug|Mixed Platforms.ActiveCfg = Release|x86
		{D24CD52D-7A89-4808-A133-7279945477B6}.Debug|x86.ActiveCfg = Debug|x86
		{D24CD52D-7A89-4808-A133-7279945477B6}.Debug|x86.Build.0 = Debug|x86
		{D24CD52D-7A89-4808-A133-7279945477B6}.Release|Any CPU.ActiveCfg = Release|x86
		{D24CD52D-7A89-4808-A133-7279945477B6}.Release|Mixed Platforms.ActiveCfg = Release|x86
		{D24CD52D-7A89-4808-A133-7279945477B6}.Release|x86.ActiveCfg = Release|x86
		{D24CD52D-7A89-4808-A133-7279945477B6}.Release|x86.Build.0 = Release|x86
		{D24CD52D-7A89-4808-A133-7279945477B6}.Sql2008|Any CPU.ActiveCfg = Release|x86
		{D24CD52D-7A89-4808-A133-7279945477B6}.Sql2008|Mixed Platforms.ActiveCfg = Release|x86
		{D24CD52D-7A89-4808-A133-7279945477B6}.Sql2008|x86.ActiveCfg = Release|x86
		{D24CD52D-7A89-4808-A133-7279945477B6}.Sql2008|x86.Build.0 = Release|x86
		{D24CD52D-7A89-4808-A133-7279945477B6}.Sql2012|Any CPU.ActiveCfg = Release|x86
		{D24CD52D-7A89-4808-A133-7279945477B6}.Sql2012|Mixed Platforms.ActiveCfg = Release|x86
		{D24CD52D-7A89-4808-A133-7279945477B6}.Sql2012|x86.ActiveCfg = Release|x86
		{D24CD52D-7A89-4808-A133-7279945477B6}.Sql2012|x86.Build.0 = Release|x86
		{D24CD52D-7A89-4808-A133-7279945477B6}.Sql2014|Any CPU.ActiveCfg = Release|x86
		{D24CD52D-7A89-4808-A133-7279945477B6}.Sql2014|Mixed Platforms.ActiveCfg = Release|x86
		{D24CD52D-7A89-4808-A133-7279945477B6}.Sql2014|x86.ActiveCfg = Release|x86
		{D24CD52D-7A89-4808-A133-7279945477B6}.Sql2014|x86.Build.0 = Release|x86
	EndGlobalSection
	GlobalSection(SolutionProperties) = preSolution
		HideSolutionNode = FALSE
	EndGlobalSection
EndGlobal
